// !$*UTF8*$!
{
	archiveVersion = 1;
	classes = {
	};
	objectVersion = 51;
	objects = {

/* Begin PBXBuildFile section */
		04A6A38422C5E52700D511F6 /* AppDelegate.swift in Sources */ = {isa = PBXBuildFile; fileRef = 04A6A38322C5E52700D511F6 /* AppDelegate.swift */; };
		04A6A38622C5E52700D511F6 /* art.scnassets in Resources */ = {isa = PBXBuildFile; fileRef = 04A6A38522C5E52700D511F6 /* art.scnassets */; };
		04A6A38822C5E52700D511F6 /* GameViewController.swift in Sources */ = {isa = PBXBuildFile; fileRef = 04A6A38722C5E52700D511F6 /* GameViewController.swift */; };
		04A6A38B22C5E52700D511F6 /* Main.storyboard in Resources */ = {isa = PBXBuildFile; fileRef = 04A6A38922C5E52700D511F6 /* Main.storyboard */; };
		04A6A38D22C5E52900D511F6 /* Assets.xcassets in Resources */ = {isa = PBXBuildFile; fileRef = 04A6A38C22C5E52900D511F6 /* Assets.xcassets */; };
		04A6A39022C5E52900D511F6 /* LaunchScreen.storyboard in Resources */ = {isa = PBXBuildFile; fileRef = 04A6A38E22C5E52900D511F6 /* LaunchScreen.storyboard */; };
		04A6A39B22C5E52900D511F6 /* SceneKitTestTests.swift in Sources */ = {isa = PBXBuildFile; fileRef = 04A6A39A22C5E52900D511F6 /* SceneKitTestTests.swift */; };
		04A6A3A622C5E52900D511F6 /* SceneKitTestUITests.swift in Sources */ = {isa = PBXBuildFile; fileRef = 04A6A3A522C5E52900D511F6 /* SceneKitTestUITests.swift */; };
		04B7B05E230E6076006337DB /* RightTurn.swift in Sources */ = {isa = PBXBuildFile; fileRef = 04B7B05D230E6076006337DB /* RightTurn.swift */; };
		04B7B05F230E6076006337DB /* RightTurn.swift in Sources */ = {isa = PBXBuildFile; fileRef = 04B7B05D230E6076006337DB /* RightTurn.swift */; };
		04B7B060230E6076006337DB /* RightTurn.swift in Sources */ = {isa = PBXBuildFile; fileRef = 04B7B05D230E6076006337DB /* RightTurn.swift */; };
		04B7B062230E6318006337DB /* TurnProtocol.swift in Sources */ = {isa = PBXBuildFile; fileRef = 04B7B061230E6318006337DB /* TurnProtocol.swift */; };
		04B7B063230E6318006337DB /* TurnProtocol.swift in Sources */ = {isa = PBXBuildFile; fileRef = 04B7B061230E6318006337DB /* TurnProtocol.swift */; };
		04B7B064230E6318006337DB /* TurnProtocol.swift in Sources */ = {isa = PBXBuildFile; fileRef = 04B7B061230E6318006337DB /* TurnProtocol.swift */; };
		04BCB7552305C9DA00275648 /* UpStreetLeftTurn.swift in Sources */ = {isa = PBXBuildFile; fileRef = 04BCB7542305C9D900275648 /* UpStreetLeftTurn.swift */; };
		04BCB7562305C9DA00275648 /* UpStreetLeftTurn.swift in Sources */ = {isa = PBXBuildFile; fileRef = 04BCB7542305C9D900275648 /* UpStreetLeftTurn.swift */; };
		04BCB7572305C9DA00275648 /* UpStreetLeftTurn.swift in Sources */ = {isa = PBXBuildFile; fileRef = 04BCB7542305C9D900275648 /* UpStreetLeftTurn.swift */; };
		69D8353DF34A99E2080732A9 /* Pods_SceneKitTest.framework in Frameworks */ = {isa = PBXBuildFile; fileRef = 2240ADB83645A6E9DF6B859E /* Pods_SceneKitTest.framework */; };
		CA124625231ACF3A00A77F9A /* User.swift in Sources */ = {isa = PBXBuildFile; fileRef = CA124624231ACF3A00A77F9A /* User.swift */; };
		CAAFA411231252AF00A8FAED /* TurnProtocol.swift in Sources */ = {isa = PBXBuildFile; fileRef = CAAFA40E231252AF00A8FAED /* TurnProtocol.swift */; };
		CAAFA412231252AF00A8FAED /* RightTurn.swift in Sources */ = {isa = PBXBuildFile; fileRef = CAAFA40F231252AF00A8FAED /* RightTurn.swift */; };
		CAAFA413231252AF00A8FAED /* UpStreetLeftTurn.swift in Sources */ = {isa = PBXBuildFile; fileRef = CAAFA410231252AF00A8FAED /* UpStreetLeftTurn.swift */; };
		CAF2493D22ED116F00A2E6A1 /* TwoWayHorizontal.swift in Sources */ = {isa = PBXBuildFile; fileRef = CAF2493322ED116D00A2E6A1 /* TwoWayHorizontal.swift */; };
		CAF2493E22ED116F00A2E6A1 /* UpStreet.swift in Sources */ = {isa = PBXBuildFile; fileRef = CAF2493422ED116E00A2E6A1 /* UpStreet.swift */; };
		CAF2493F22ED116F00A2E6A1 /* LeftStreet.swift in Sources */ = {isa = PBXBuildFile; fileRef = CAF2493522ED116E00A2E6A1 /* LeftStreet.swift */; };
		CAF2494022ED116F00A2E6A1 /* Car.swift in Sources */ = {isa = PBXBuildFile; fileRef = CAF2493622ED116E00A2E6A1 /* Car.swift */; };
		CAF2494122ED116F00A2E6A1 /* RightStreet.swift in Sources */ = {isa = PBXBuildFile; fileRef = CAF2493722ED116E00A2E6A1 /* RightStreet.swift */; };
		CAF2494222ED116F00A2E6A1 /* TrafficLight.swift in Sources */ = {isa = PBXBuildFile; fileRef = CAF2493822ED116E00A2E6A1 /* TrafficLight.swift */; };
		CAF2494322ED116F00A2E6A1 /* TwoWayVertical.swift in Sources */ = {isa = PBXBuildFile; fileRef = CAF2493922ED116E00A2E6A1 /* TwoWayVertical.swift */; };
		CAF2494422ED116F00A2E6A1 /* DownStreet.swift in Sources */ = {isa = PBXBuildFile; fileRef = CAF2493A22ED116E00A2E6A1 /* DownStreet.swift */; };
		CAF2494522ED116F00A2E6A1 /* Intersection.swift in Sources */ = {isa = PBXBuildFile; fileRef = CAF2493B22ED116F00A2E6A1 /* Intersection.swift */; };
		CAF2494622ED116F00A2E6A1 /* StreetProtocol.swift in Sources */ = {isa = PBXBuildFile; fileRef = CAF2493C22ED116F00A2E6A1 /* StreetProtocol.swift */; };
/* End PBXBuildFile section */

/* Begin PBXContainerItemProxy section */
		04A6A39722C5E52900D511F6 /* PBXContainerItemProxy */ = {
			isa = PBXContainerItemProxy;
			containerPortal = 04A6A37822C5E52700D511F6 /* Project object */;
			proxyType = 1;
			remoteGlobalIDString = 04A6A37F22C5E52700D511F6;
			remoteInfo = SceneKitTest;
		};
		04A6A3A222C5E52900D511F6 /* PBXContainerItemProxy */ = {
			isa = PBXContainerItemProxy;
			containerPortal = 04A6A37822C5E52700D511F6 /* Project object */;
			proxyType = 1;
			remoteGlobalIDString = 04A6A37F22C5E52700D511F6;
			remoteInfo = SceneKitTest;
		};
/* End PBXContainerItemProxy section */

/* Begin PBXFileReference section */
		04A6A38022C5E52700D511F6 /* SceneKitTest.app */ = {isa = PBXFileReference; explicitFileType = wrapper.application; includeInIndex = 0; path = SceneKitTest.app; sourceTree = BUILT_PRODUCTS_DIR; };
		04A6A38322C5E52700D511F6 /* AppDelegate.swift */ = {isa = PBXFileReference; lastKnownFileType = sourcecode.swift; path = AppDelegate.swift; sourceTree = "<group>"; };
		04A6A38522C5E52700D511F6 /* art.scnassets */ = {isa = PBXFileReference; lastKnownFileType = wrapper.scnassets; path = art.scnassets; sourceTree = "<group>"; };
		04A6A38722C5E52700D511F6 /* GameViewController.swift */ = {isa = PBXFileReference; lastKnownFileType = sourcecode.swift; path = GameViewController.swift; sourceTree = "<group>"; };
		04A6A38A22C5E52700D511F6 /* Base */ = {isa = PBXFileReference; lastKnownFileType = file.storyboard; name = Base; path = Base.lproj/Main.storyboard; sourceTree = "<group>"; };
		04A6A38C22C5E52900D511F6 /* Assets.xcassets */ = {isa = PBXFileReference; lastKnownFileType = folder.assetcatalog; path = Assets.xcassets; sourceTree = "<group>"; };
		04A6A38F22C5E52900D511F6 /* Base */ = {isa = PBXFileReference; lastKnownFileType = file.storyboard; name = Base; path = Base.lproj/LaunchScreen.storyboard; sourceTree = "<group>"; };
		04A6A39122C5E52900D511F6 /* Info.plist */ = {isa = PBXFileReference; lastKnownFileType = text.plist.xml; path = Info.plist; sourceTree = "<group>"; };
		04A6A39622C5E52900D511F6 /* SceneKitTestTests.xctest */ = {isa = PBXFileReference; explicitFileType = wrapper.cfbundle; includeInIndex = 0; path = SceneKitTestTests.xctest; sourceTree = BUILT_PRODUCTS_DIR; };
		04A6A39A22C5E52900D511F6 /* SceneKitTestTests.swift */ = {isa = PBXFileReference; lastKnownFileType = sourcecode.swift; path = SceneKitTestTests.swift; sourceTree = "<group>"; };
		04A6A39C22C5E52900D511F6 /* Info.plist */ = {isa = PBXFileReference; lastKnownFileType = text.plist.xml; path = Info.plist; sourceTree = "<group>"; };
		04A6A3A122C5E52900D511F6 /* SceneKitTestUITests.xctest */ = {isa = PBXFileReference; explicitFileType = wrapper.cfbundle; includeInIndex = 0; path = SceneKitTestUITests.xctest; sourceTree = BUILT_PRODUCTS_DIR; };
		04A6A3A522C5E52900D511F6 /* SceneKitTestUITests.swift */ = {isa = PBXFileReference; lastKnownFileType = sourcecode.swift; path = SceneKitTestUITests.swift; sourceTree = "<group>"; };
		04A6A3A722C5E52900D511F6 /* Info.plist */ = {isa = PBXFileReference; lastKnownFileType = text.plist.xml; path = Info.plist; sourceTree = "<group>"; };
		04B7B05D230E6076006337DB /* RightTurn.swift */ = {isa = PBXFileReference; lastKnownFileType = sourcecode.swift; path = RightTurn.swift; sourceTree = "<group>"; };
		04B7B061230E6318006337DB /* TurnProtocol.swift */ = {isa = PBXFileReference; lastKnownFileType = sourcecode.swift; path = TurnProtocol.swift; sourceTree = "<group>"; };
		04BCB7542305C9D900275648 /* UpStreetLeftTurn.swift */ = {isa = PBXFileReference; fileEncoding = 4; lastKnownFileType = sourcecode.swift; path = UpStreetLeftTurn.swift; sourceTree = "<group>"; };
		2240ADB83645A6E9DF6B859E /* Pods_SceneKitTest.framework */ = {isa = PBXFileReference; explicitFileType = wrapper.framework; includeInIndex = 0; path = Pods_SceneKitTest.framework; sourceTree = BUILT_PRODUCTS_DIR; };
		504AFCEDD6F2948B7D32B6D5 /* Pods-SceneKitTest.debug.xcconfig */ = {isa = PBXFileReference; includeInIndex = 1; lastKnownFileType = text.xcconfig; name = "Pods-SceneKitTest.debug.xcconfig"; path = "Target Support Files/Pods-SceneKitTest/Pods-SceneKitTest.debug.xcconfig"; sourceTree = "<group>"; };
		817B0045FF815A0E0F70467F /* Pods-SceneKitTest.release.xcconfig */ = {isa = PBXFileReference; includeInIndex = 1; lastKnownFileType = text.xcconfig; name = "Pods-SceneKitTest.release.xcconfig"; path = "Target Support Files/Pods-SceneKitTest/Pods-SceneKitTest.release.xcconfig"; sourceTree = "<group>"; };
		CA124624231ACF3A00A77F9A /* User.swift */ = {isa = PBXFileReference; fileEncoding = 4; lastKnownFileType = sourcecode.swift; name = User.swift; path = ../../../../../Desktop/User.swift; sourceTree = "<group>"; };
		CAAFA40E231252AF00A8FAED /* TurnProtocol.swift */ = {isa = PBXFileReference; fileEncoding = 4; lastKnownFileType = sourcecode.swift; path = TurnProtocol.swift; sourceTree = "<group>"; };
		CAAFA40F231252AF00A8FAED /* RightTurn.swift */ = {isa = PBXFileReference; fileEncoding = 4; lastKnownFileType = sourcecode.swift; path = RightTurn.swift; sourceTree = "<group>"; };
		CAAFA410231252AF00A8FAED /* UpStreetLeftTurn.swift */ = {isa = PBXFileReference; fileEncoding = 4; lastKnownFileType = sourcecode.swift; path = UpStreetLeftTurn.swift; sourceTree = "<group>"; };
		CAF2493322ED116D00A2E6A1 /* TwoWayHorizontal.swift */ = {isa = PBXFileReference; fileEncoding = 4; lastKnownFileType = sourcecode.swift; path = TwoWayHorizontal.swift; sourceTree = "<group>"; };
		CAF2493422ED116E00A2E6A1 /* UpStreet.swift */ = {isa = PBXFileReference; fileEncoding = 4; lastKnownFileType = sourcecode.swift; path = UpStreet.swift; sourceTree = "<group>"; };
		CAF2493522ED116E00A2E6A1 /* LeftStreet.swift */ = {isa = PBXFileReference; fileEncoding = 4; lastKnownFileType = sourcecode.swift; path = LeftStreet.swift; sourceTree = "<group>"; };
		CAF2493622ED116E00A2E6A1 /* Car.swift */ = {isa = PBXFileReference; fileEncoding = 4; lastKnownFileType = sourcecode.swift; path = Car.swift; sourceTree = "<group>"; };
		CAF2493722ED116E00A2E6A1 /* RightStreet.swift */ = {isa = PBXFileReference; fileEncoding = 4; lastKnownFileType = sourcecode.swift; path = RightStreet.swift; sourceTree = "<group>"; };
		CAF2493822ED116E00A2E6A1 /* TrafficLight.swift */ = {isa = PBXFileReference; fileEncoding = 4; lastKnownFileType = sourcecode.swift; path = TrafficLight.swift; sourceTree = "<group>"; };
		CAF2493922ED116E00A2E6A1 /* TwoWayVertical.swift */ = {isa = PBXFileReference; fileEncoding = 4; lastKnownFileType = sourcecode.swift; path = TwoWayVertical.swift; sourceTree = "<group>"; };
		CAF2493A22ED116E00A2E6A1 /* DownStreet.swift */ = {isa = PBXFileReference; fileEncoding = 4; lastKnownFileType = sourcecode.swift; path = DownStreet.swift; sourceTree = "<group>"; };
		CAF2493B22ED116F00A2E6A1 /* Intersection.swift */ = {isa = PBXFileReference; fileEncoding = 4; lastKnownFileType = sourcecode.swift; path = Intersection.swift; sourceTree = "<group>"; };
		CAF2493C22ED116F00A2E6A1 /* StreetProtocol.swift */ = {isa = PBXFileReference; fileEncoding = 4; lastKnownFileType = sourcecode.swift; path = StreetProtocol.swift; sourceTree = "<group>"; };
/* End PBXFileReference section */

/* Begin PBXFrameworksBuildPhase section */
		04A6A37D22C5E52700D511F6 /* Frameworks */ = {
			isa = PBXFrameworksBuildPhase;
			buildActionMask = 2147483647;
			files = (
				69D8353DF34A99E2080732A9 /* Pods_SceneKitTest.framework in Frameworks */,
			);
			runOnlyForDeploymentPostprocessing = 0;
		};
		04A6A39322C5E52900D511F6 /* Frameworks */ = {
			isa = PBXFrameworksBuildPhase;
			buildActionMask = 2147483647;
			files = (
			);
			runOnlyForDeploymentPostprocessing = 0;
		};
		04A6A39E22C5E52900D511F6 /* Frameworks */ = {
			isa = PBXFrameworksBuildPhase;
			buildActionMask = 2147483647;
			files = (
			);
			runOnlyForDeploymentPostprocessing = 0;
		};
/* End PBXFrameworksBuildPhase section */

/* Begin PBXGroup section */
		04A6A37722C5E52700D511F6 = {
			isa = PBXGroup;
			children = (
				04A6A38222C5E52700D511F6 /* SceneKitTest */,
				04A6A39922C5E52900D511F6 /* SceneKitTestTests */,
				04A6A3A422C5E52900D511F6 /* SceneKitTestUITests */,
				04A6A38122C5E52700D511F6 /* Products */,
				85420E1E210B9FAB429A4775 /* Pods */,
				407288B1599B44BBEA00BBAB /* Frameworks */,
			);
			sourceTree = "<group>";
		};
		04A6A38122C5E52700D511F6 /* Products */ = {
			isa = PBXGroup;
			children = (
				04A6A38022C5E52700D511F6 /* SceneKitTest.app */,
				04A6A39622C5E52900D511F6 /* SceneKitTestTests.xctest */,
				04A6A3A122C5E52900D511F6 /* SceneKitTestUITests.xctest */,
			);
			name = Products;
			sourceTree = "<group>";
		};
		04A6A38222C5E52700D511F6 /* SceneKitTest */ = {
			isa = PBXGroup;
			children = (
				04A6A38322C5E52700D511F6 /* AppDelegate.swift */,
				04A6A38522C5E52700D511F6 /* art.scnassets */,
				04A6A38722C5E52700D511F6 /* GameViewController.swift */,
				CAF2493622ED116E00A2E6A1 /* Car.swift */,
				CAF2493A22ED116E00A2E6A1 /* DownStreet.swift */,
				04BCB7542305C9D900275648 /* UpStreetLeftTurn.swift */,
				CAAFA40F231252AF00A8FAED /* RightTurn.swift */,
				04B7B061230E6318006337DB /* TurnProtocol.swift */,
				04B7B05D230E6076006337DB /* RightTurn.swift */,
				CAF2493B22ED116F00A2E6A1 /* Intersection.swift */,
				CAF2493522ED116E00A2E6A1 /* LeftStreet.swift */,
				CAF2493722ED116E00A2E6A1 /* RightStreet.swift */,
				CAF2493C22ED116F00A2E6A1 /* StreetProtocol.swift */,
				CAF2493822ED116E00A2E6A1 /* TrafficLight.swift */,
				CA124624231ACF3A00A77F9A /* User.swift */,
				CAF2493322ED116D00A2E6A1 /* TwoWayHorizontal.swift */,
				CAAFA40E231252AF00A8FAED /* TurnProtocol.swift */,
				CAAFA410231252AF00A8FAED /* UpStreetLeftTurn.swift */,
				CAF2493922ED116E00A2E6A1 /* TwoWayVertical.swift */,
				CAF2493422ED116E00A2E6A1 /* UpStreet.swift */,
				04A6A38922C5E52700D511F6 /* Main.storyboard */,
				04A6A38C22C5E52900D511F6 /* Assets.xcassets */,
				04A6A38E22C5E52900D511F6 /* LaunchScreen.storyboard */,
				04A6A39122C5E52900D511F6 /* Info.plist */,
			);
			path = SceneKitTest;
			sourceTree = "<group>";
		};
		04A6A39922C5E52900D511F6 /* SceneKitTestTests */ = {
			isa = PBXGroup;
			children = (
				04A6A39A22C5E52900D511F6 /* SceneKitTestTests.swift */,
				04A6A39C22C5E52900D511F6 /* Info.plist */,
			);
			path = SceneKitTestTests;
			sourceTree = "<group>";
		};
		04A6A3A422C5E52900D511F6 /* SceneKitTestUITests */ = {
			isa = PBXGroup;
			children = (
				04A6A3A522C5E52900D511F6 /* SceneKitTestUITests.swift */,
				04A6A3A722C5E52900D511F6 /* Info.plist */,
			);
			path = SceneKitTestUITests;
			sourceTree = "<group>";
		};
		407288B1599B44BBEA00BBAB /* Frameworks */ = {
			isa = PBXGroup;
			children = (
				2240ADB83645A6E9DF6B859E /* Pods_SceneKitTest.framework */,
			);
			name = Frameworks;
			sourceTree = "<group>";
		};
		85420E1E210B9FAB429A4775 /* Pods */ = {
			isa = PBXGroup;
			children = (
				504AFCEDD6F2948B7D32B6D5 /* Pods-SceneKitTest.debug.xcconfig */,
				817B0045FF815A0E0F70467F /* Pods-SceneKitTest.release.xcconfig */,
			);
			path = Pods;
			sourceTree = "<group>";
		};
/* End PBXGroup section */

/* Begin PBXNativeTarget section */
		04A6A37F22C5E52700D511F6 /* SceneKitTest */ = {
			isa = PBXNativeTarget;
			buildConfigurationList = 04A6A3AA22C5E52900D511F6 /* Build configuration list for PBXNativeTarget "SceneKitTest" */;
			buildPhases = (
				25161E066F07F2F040C5EC02 /* [CP] Check Pods Manifest.lock */,
				04A6A37C22C5E52700D511F6 /* Sources */,
				04A6A37D22C5E52700D511F6 /* Frameworks */,
				04A6A37E22C5E52700D511F6 /* Resources */,
				6F1F499AC8387EEF4CED0FA6 /* [CP] Embed Pods Frameworks */,
			);
			buildRules = (
			);
			dependencies = (
			);
			name = SceneKitTest;
			productName = SceneKitTest;
			productReference = 04A6A38022C5E52700D511F6 /* SceneKitTest.app */;
			productType = "com.apple.product-type.application";
		};
		04A6A39522C5E52900D511F6 /* SceneKitTestTests */ = {
			isa = PBXNativeTarget;
			buildConfigurationList = 04A6A3AD22C5E52900D511F6 /* Build configuration list for PBXNativeTarget "SceneKitTestTests" */;
			buildPhases = (
				04A6A39222C5E52900D511F6 /* Sources */,
				04A6A39322C5E52900D511F6 /* Frameworks */,
				04A6A39422C5E52900D511F6 /* Resources */,
			);
			buildRules = (
			);
			dependencies = (
				04A6A39822C5E52900D511F6 /* PBXTargetDependency */,
			);
			name = SceneKitTestTests;
			productName = SceneKitTestTests;
			productReference = 04A6A39622C5E52900D511F6 /* SceneKitTestTests.xctest */;
			productType = "com.apple.product-type.bundle.unit-test";
		};
		04A6A3A022C5E52900D511F6 /* SceneKitTestUITests */ = {
			isa = PBXNativeTarget;
			buildConfigurationList = 04A6A3B022C5E52900D511F6 /* Build configuration list for PBXNativeTarget "SceneKitTestUITests" */;
			buildPhases = (
				04A6A39D22C5E52900D511F6 /* Sources */,
				04A6A39E22C5E52900D511F6 /* Frameworks */,
				04A6A39F22C5E52900D511F6 /* Resources */,
			);
			buildRules = (
			);
			dependencies = (
				04A6A3A322C5E52900D511F6 /* PBXTargetDependency */,
			);
			name = SceneKitTestUITests;
			productName = SceneKitTestUITests;
			productReference = 04A6A3A122C5E52900D511F6 /* SceneKitTestUITests.xctest */;
			productType = "com.apple.product-type.bundle.ui-testing";
		};
/* End PBXNativeTarget section */

/* Begin PBXProject section */
		04A6A37822C5E52700D511F6 /* Project object */ = {
			isa = PBXProject;
			attributes = {
				LastSwiftUpdateCheck = 1020;
				LastUpgradeCheck = 1020;
				ORGANIZATIONNAME = "Rajat Mittal";
				TargetAttributes = {
					04A6A37F22C5E52700D511F6 = {
						CreatedOnToolsVersion = 10.2.1;
					};
					04A6A39522C5E52900D511F6 = {
						CreatedOnToolsVersion = 10.2.1;
						TestTargetID = 04A6A37F22C5E52700D511F6;
					};
					04A6A3A022C5E52900D511F6 = {
						CreatedOnToolsVersion = 10.2.1;
						TestTargetID = 04A6A37F22C5E52700D511F6;
					};
				};
			};
			buildConfigurationList = 04A6A37B22C5E52700D511F6 /* Build configuration list for PBXProject "SceneKitTest" */;
			compatibilityVersion = "Xcode 9.3";
			developmentRegion = en;
			hasScannedForEncodings = 0;
			knownRegions = (
				en,
				Base,
			);
			mainGroup = 04A6A37722C5E52700D511F6;
			productRefGroup = 04A6A38122C5E52700D511F6 /* Products */;
			projectDirPath = "";
			projectRoot = "";
			targets = (
				04A6A37F22C5E52700D511F6 /* SceneKitTest */,
				04A6A39522C5E52900D511F6 /* SceneKitTestTests */,
				04A6A3A022C5E52900D511F6 /* SceneKitTestUITests */,
			);
		};
/* End PBXProject section */

/* Begin PBXResourcesBuildPhase section */
		04A6A37E22C5E52700D511F6 /* Resources */ = {
			isa = PBXResourcesBuildPhase;
			buildActionMask = 2147483647;
			files = (
				04A6A38622C5E52700D511F6 /* art.scnassets in Resources */,
				04A6A39022C5E52900D511F6 /* LaunchScreen.storyboard in Resources */,
				04A6A38D22C5E52900D511F6 /* Assets.xcassets in Resources */,
				04A6A38B22C5E52700D511F6 /* Main.storyboard in Resources */,
			);
			runOnlyForDeploymentPostprocessing = 0;
		};
		04A6A39422C5E52900D511F6 /* Resources */ = {
			isa = PBXResourcesBuildPhase;
			buildActionMask = 2147483647;
			files = (
			);
			runOnlyForDeploymentPostprocessing = 0;
		};
		04A6A39F22C5E52900D511F6 /* Resources */ = {
			isa = PBXResourcesBuildPhase;
			buildActionMask = 2147483647;
			files = (
			);
			runOnlyForDeploymentPostprocessing = 0;
		};
/* End PBXResourcesBuildPhase section */

/* Begin PBXShellScriptBuildPhase section */
		25161E066F07F2F040C5EC02 /* [CP] Check Pods Manifest.lock */ = {
			isa = PBXShellScriptBuildPhase;
			buildActionMask = 2147483647;
			files = (
			);
			inputFileListPaths = (
			);
			inputPaths = (
				"${PODS_PODFILE_DIR_PATH}/Podfile.lock",
				"${PODS_ROOT}/Manifest.lock",
			);
			name = "[CP] Check Pods Manifest.lock";
			outputFileListPaths = (
			);
			outputPaths = (
				"$(DERIVED_FILE_DIR)/Pods-SceneKitTest-checkManifestLockResult.txt",
			);
			runOnlyForDeploymentPostprocessing = 0;
			shellPath = /bin/sh;
			shellScript = "diff \"${PODS_PODFILE_DIR_PATH}/Podfile.lock\" \"${PODS_ROOT}/Manifest.lock\" > /dev/null\nif [ $? != 0 ] ; then\n    # print error to STDERR\n    echo \"error: The sandbox is not in sync with the Podfile.lock. Run 'pod install' or update your CocoaPods installation.\" >&2\n    exit 1\nfi\n# This output is used by Xcode 'outputs' to avoid re-running this script phase.\necho \"SUCCESS\" > \"${SCRIPT_OUTPUT_FILE_0}\"\n";
			showEnvVarsInLog = 0;
		};
		6F1F499AC8387EEF4CED0FA6 /* [CP] Embed Pods Frameworks */ = {
			isa = PBXShellScriptBuildPhase;
			buildActionMask = 2147483647;
			files = (
			);
			inputFileListPaths = (
				"${PODS_ROOT}/Target Support Files/Pods-SceneKitTest/Pods-SceneKitTest-frameworks-${CONFIGURATION}-input-files.xcfilelist",
			);
			name = "[CP] Embed Pods Frameworks";
			outputFileListPaths = (
				"${PODS_ROOT}/Target Support Files/Pods-SceneKitTest/Pods-SceneKitTest-frameworks-${CONFIGURATION}-output-files.xcfilelist",
			);
			runOnlyForDeploymentPostprocessing = 0;
			shellPath = /bin/sh;
			shellScript = "\"${PODS_ROOT}/Target Support Files/Pods-SceneKitTest/Pods-SceneKitTest-frameworks.sh\"\n";
			showEnvVarsInLog = 0;
		};
/* End PBXShellScriptBuildPhase section */

/* Begin PBXSourcesBuildPhase section */
		04A6A37C22C5E52700D511F6 /* Sources */ = {
			isa = PBXSourcesBuildPhase;
			buildActionMask = 2147483647;
			files = (
				04A6A38822C5E52700D511F6 /* GameViewController.swift in Sources */,
				CAF2494522ED116F00A2E6A1 /* Intersection.swift in Sources */,
				CAF2493F22ED116F00A2E6A1 /* LeftStreet.swift in Sources */,
				CAAFA413231252AF00A8FAED /* UpStreetLeftTurn.swift in Sources */,
				CAF2494022ED116F00A2E6A1 /* Car.swift in Sources */,
				CAF2494622ED116F00A2E6A1 /* StreetProtocol.swift in Sources */,
				CAF2494322ED116F00A2E6A1 /* TwoWayVertical.swift in Sources */,
				CAF2493E22ED116F00A2E6A1 /* UpStreet.swift in Sources */,
				CAF2494222ED116F00A2E6A1 /* TrafficLight.swift in Sources */,
				CAAFA411231252AF00A8FAED /* TurnProtocol.swift in Sources */,
				CAF2494122ED116F00A2E6A1 /* RightStreet.swift in Sources */,
				04B7B05E230E6076006337DB /* RightTurn.swift in Sources */,
				04A6A38422C5E52700D511F6 /* AppDelegate.swift in Sources */,
				CAF2494422ED116F00A2E6A1 /* DownStreet.swift in Sources */,
				CAF2493D22ED116F00A2E6A1 /* TwoWayHorizontal.swift in Sources */,
				04BCB7552305C9DA00275648 /* UpStreetLeftTurn.swift in Sources */,
				CAAFA412231252AF00A8FAED /* RightTurn.swift in Sources */,
				04B7B062230E6318006337DB /* TurnProtocol.swift in Sources */,
				CA124625231ACF3A00A77F9A /* User.swift in Sources */,
			);
			runOnlyForDeploymentPostprocessing = 0;
		};
		04A6A39222C5E52900D511F6 /* Sources */ = {
			isa = PBXSourcesBuildPhase;
			buildActionMask = 2147483647;
			files = (
				04B7B063230E6318006337DB /* TurnProtocol.swift in Sources */,
				04A6A39B22C5E52900D511F6 /* SceneKitTestTests.swift in Sources */,
				04B7B05F230E6076006337DB /* RightTurn.swift in Sources */,
				04BCB7562305C9DA00275648 /* UpStreetLeftTurn.swift in Sources */,
			);
			runOnlyForDeploymentPostprocessing = 0;
		};
		04A6A39D22C5E52900D511F6 /* Sources */ = {
			isa = PBXSourcesBuildPhase;
			buildActionMask = 2147483647;
			files = (
				04B7B064230E6318006337DB /* TurnProtocol.swift in Sources */,
				04A6A3A622C5E52900D511F6 /* SceneKitTestUITests.swift in Sources */,
				04B7B060230E6076006337DB /* RightTurn.swift in Sources */,
				04BCB7572305C9DA00275648 /* UpStreetLeftTurn.swift in Sources */,
			);
			runOnlyForDeploymentPostprocessing = 0;
		};
/* End PBXSourcesBuildPhase section */

/* Begin PBXTargetDependency section */
		04A6A39822C5E52900D511F6 /* PBXTargetDependency */ = {
			isa = PBXTargetDependency;
			target = 04A6A37F22C5E52700D511F6 /* SceneKitTest */;
			targetProxy = 04A6A39722C5E52900D511F6 /* PBXContainerItemProxy */;
		};
		04A6A3A322C5E52900D511F6 /* PBXTargetDependency */ = {
			isa = PBXTargetDependency;
			target = 04A6A37F22C5E52700D511F6 /* SceneKitTest */;
			targetProxy = 04A6A3A222C5E52900D511F6 /* PBXContainerItemProxy */;
		};
/* End PBXTargetDependency section */

/* Begin PBXVariantGroup section */
		04A6A38922C5E52700D511F6 /* Main.storyboard */ = {
			isa = PBXVariantGroup;
			children = (
				04A6A38A22C5E52700D511F6 /* Base */,
			);
			name = Main.storyboard;
			sourceTree = "<group>";
		};
		04A6A38E22C5E52900D511F6 /* LaunchScreen.storyboard */ = {
			isa = PBXVariantGroup;
			children = (
				04A6A38F22C5E52900D511F6 /* Base */,
			);
			name = LaunchScreen.storyboard;
			sourceTree = "<group>";
		};
/* End PBXVariantGroup section */

/* Begin XCBuildConfiguration section */
		04A6A3A822C5E52900D511F6 /* Debug */ = {
			isa = XCBuildConfiguration;
			buildSettings = {
				ALWAYS_SEARCH_USER_PATHS = NO;
				CLANG_ANALYZER_NONNULL = YES;
				CLANG_ANALYZER_NUMBER_OBJECT_CONVERSION = YES_AGGRESSIVE;
				CLANG_CXX_LANGUAGE_STANDARD = "gnu++14";
				CLANG_CXX_LIBRARY = "libc++";
				CLANG_ENABLE_MODULES = YES;
				CLANG_ENABLE_OBJC_ARC = YES;
				CLANG_ENABLE_OBJC_WEAK = YES;
				CLANG_WARN_BLOCK_CAPTURE_AUTORELEASING = YES;
				CLANG_WARN_BOOL_CONVERSION = YES;
				CLANG_WARN_COMMA = YES;
				CLANG_WARN_CONSTANT_CONVERSION = YES;
				CLANG_WARN_DEPRECATED_OBJC_IMPLEMENTATIONS = YES;
				CLANG_WARN_DIRECT_OBJC_ISA_USAGE = YES_ERROR;
				CLANG_WARN_DOCUMENTATION_COMMENTS = YES;
				CLANG_WARN_EMPTY_BODY = YES;
				CLANG_WARN_ENUM_CONVERSION = YES;
				CLANG_WARN_INFINITE_RECURSION = YES;
				CLANG_WARN_INT_CONVERSION = YES;
				CLANG_WARN_NON_LITERAL_NULL_CONVERSION = YES;
				CLANG_WARN_OBJC_IMPLICIT_RETAIN_SELF = YES;
				CLANG_WARN_OBJC_LITERAL_CONVERSION = YES;
				CLANG_WARN_OBJC_ROOT_CLASS = YES_ERROR;
				CLANG_WARN_RANGE_LOOP_ANALYSIS = YES;
				CLANG_WARN_STRICT_PROTOTYPES = YES;
				CLANG_WARN_SUSPICIOUS_MOVE = YES;
				CLANG_WARN_UNGUARDED_AVAILABILITY = YES_AGGRESSIVE;
				CLANG_WARN_UNREACHABLE_CODE = YES;
				CLANG_WARN__DUPLICATE_METHOD_MATCH = YES;
				CODE_SIGN_IDENTITY = "iPhone Developer";
				COPY_PHASE_STRIP = NO;
				DEBUG_INFORMATION_FORMAT = dwarf;
				ENABLE_STRICT_OBJC_MSGSEND = YES;
				ENABLE_TESTABILITY = YES;
				GCC_C_LANGUAGE_STANDARD = gnu11;
				GCC_DYNAMIC_NO_PIC = NO;
				GCC_NO_COMMON_BLOCKS = YES;
				GCC_OPTIMIZATION_LEVEL = 0;
				GCC_PREPROCESSOR_DEFINITIONS = (
					"DEBUG=1",
					"$(inherited)",
				);
				GCC_WARN_64_TO_32_BIT_CONVERSION = YES;
				GCC_WARN_ABOUT_RETURN_TYPE = YES_ERROR;
				GCC_WARN_UNDECLARED_SELECTOR = YES;
				GCC_WARN_UNINITIALIZED_AUTOS = YES_AGGRESSIVE;
				GCC_WARN_UNUSED_FUNCTION = YES;
				GCC_WARN_UNUSED_VARIABLE = YES;
				IPHONEOS_DEPLOYMENT_TARGET = 12.2;
				MTL_ENABLE_DEBUG_INFO = INCLUDE_SOURCE;
				MTL_FAST_MATH = YES;
				ONLY_ACTIVE_ARCH = YES;
				SDKROOT = iphoneos;
				SWIFT_ACTIVE_COMPILATION_CONDITIONS = DEBUG;
				SWIFT_OPTIMIZATION_LEVEL = "-Onone";
			};
			name = Debug;
		};
		04A6A3A922C5E52900D511F6 /* Release */ = {
			isa = XCBuildConfiguration;
			buildSettings = {
				ALWAYS_SEARCH_USER_PATHS = NO;
				CLANG_ANALYZER_NONNULL = YES;
				CLANG_ANALYZER_NUMBER_OBJECT_CONVERSION = YES_AGGRESSIVE;
				CLANG_CXX_LANGUAGE_STANDARD = "gnu++14";
				CLANG_CXX_LIBRARY = "libc++";
				CLANG_ENABLE_MODULES = YES;
				CLANG_ENABLE_OBJC_ARC = YES;
				CLANG_ENABLE_OBJC_WEAK = YES;
				CLANG_WARN_BLOCK_CAPTURE_AUTORELEASING = YES;
				CLANG_WARN_BOOL_CONVERSION = YES;
				CLANG_WARN_COMMA = YES;
				CLANG_WARN_CONSTANT_CONVERSION = YES;
				CLANG_WARN_DEPRECATED_OBJC_IMPLEMENTATIONS = YES;
				CLANG_WARN_DIRECT_OBJC_ISA_USAGE = YES_ERROR;
				CLANG_WARN_DOCUMENTATION_COMMENTS = YES;
				CLANG_WARN_EMPTY_BODY = YES;
				CLANG_WARN_ENUM_CONVERSION = YES;
				CLANG_WARN_INFINITE_RECURSION = YES;
				CLANG_WARN_INT_CONVERSION = YES;
				CLANG_WARN_NON_LITERAL_NULL_CONVERSION = YES;
				CLANG_WARN_OBJC_IMPLICIT_RETAIN_SELF = YES;
				CLANG_WARN_OBJC_LITERAL_CONVERSION = YES;
				CLANG_WARN_OBJC_ROOT_CLASS = YES_ERROR;
				CLANG_WARN_RANGE_LOOP_ANALYSIS = YES;
				CLANG_WARN_STRICT_PROTOTYPES = YES;
				CLANG_WARN_SUSPICIOUS_MOVE = YES;
				CLANG_WARN_UNGUARDED_AVAILABILITY = YES_AGGRESSIVE;
				CLANG_WARN_UNREACHABLE_CODE = YES;
				CLANG_WARN__DUPLICATE_METHOD_MATCH = YES;
				CODE_SIGN_IDENTITY = "iPhone Developer";
				COPY_PHASE_STRIP = NO;
				DEBUG_INFORMATION_FORMAT = "dwarf-with-dsym";
				ENABLE_NS_ASSERTIONS = NO;
				ENABLE_STRICT_OBJC_MSGSEND = YES;
				GCC_C_LANGUAGE_STANDARD = gnu11;
				GCC_NO_COMMON_BLOCKS = YES;
				GCC_WARN_64_TO_32_BIT_CONVERSION = YES;
				GCC_WARN_ABOUT_RETURN_TYPE = YES_ERROR;
				GCC_WARN_UNDECLARED_SELECTOR = YES;
				GCC_WARN_UNINITIALIZED_AUTOS = YES_AGGRESSIVE;
				GCC_WARN_UNUSED_FUNCTION = YES;
				GCC_WARN_UNUSED_VARIABLE = YES;
				IPHONEOS_DEPLOYMENT_TARGET = 12.2;
				MTL_ENABLE_DEBUG_INFO = NO;
				MTL_FAST_MATH = YES;
				SDKROOT = iphoneos;
				SWIFT_COMPILATION_MODE = wholemodule;
				SWIFT_OPTIMIZATION_LEVEL = "-O";
				VALIDATE_PRODUCT = YES;
			};
			name = Release;
		};
		04A6A3AB22C5E52900D511F6 /* Debug */ = {
			isa = XCBuildConfiguration;
			baseConfigurationReference = 504AFCEDD6F2948B7D32B6D5 /* Pods-SceneKitTest.debug.xcconfig */;
			buildSettings = {
				ASSETCATALOG_COMPILER_APPICON_NAME = AppIcon;
				CODE_SIGN_STYLE = Automatic;
				DEVELOPMENT_TEAM = MNWC7GACYD;
				INFOPLIST_FILE = SceneKitTest/Info.plist;
				IPHONEOS_DEPLOYMENT_TARGET = 12.1;
				LD_RUNPATH_SEARCH_PATHS = (
					"$(inherited)",
					"@executable_path/Frameworks",
				);
				PRODUCT_BUNDLE_IDENTIFIER = KRY.SceneKitTesterssssssss;
				PRODUCT_NAME = "$(TARGET_NAME)";
				SWIFT_VERSION = 5.0;
				TARGETED_DEVICE_FAMILY = "1,2";
			};
			name = Debug;
		};
		04A6A3AC22C5E52900D511F6 /* Release */ = {
			isa = XCBuildConfiguration;
			baseConfigurationReference = 817B0045FF815A0E0F70467F /* Pods-SceneKitTest.release.xcconfig */;
			buildSettings = {
				ASSETCATALOG_COMPILER_APPICON_NAME = AppIcon;
				CODE_SIGN_STYLE = Automatic;
				DEVELOPMENT_TEAM = MNWC7GACYD;
				INFOPLIST_FILE = SceneKitTest/Info.plist;
				IPHONEOS_DEPLOYMENT_TARGET = 12.1;
				LD_RUNPATH_SEARCH_PATHS = (
					"$(inherited)",
					"@executable_path/Frameworks",
				);
				PRODUCT_BUNDLE_IDENTIFIER = KRY.SceneKitTesterssssssss;
				PRODUCT_NAME = "$(TARGET_NAME)";
				SWIFT_VERSION = 5.0;
				TARGETED_DEVICE_FAMILY = "1,2";
			};
			name = Release;
		};
		04A6A3AE22C5E52900D511F6 /* Debug */ = {
			isa = XCBuildConfiguration;
			buildSettings = {
				ALWAYS_EMBED_SWIFT_STANDARD_LIBRARIES = YES;
				BUNDLE_LOADER = "$(TEST_HOST)";
				CODE_SIGN_STYLE = Automatic;
				INFOPLIST_FILE = SceneKitTestTests/Info.plist;
				LD_RUNPATH_SEARCH_PATHS = (
					"$(inherited)",
					"@executable_path/Frameworks",
					"@loader_path/Frameworks",
				);
				PRODUCT_BUNDLE_IDENTIFIER = RY.SceneKitTestTests;
				PRODUCT_NAME = "$(TARGET_NAME)";
				SWIFT_VERSION = 5.0;
				TARGETED_DEVICE_FAMILY = "1,2";
				TEST_HOST = "$(BUILT_PRODUCTS_DIR)/SceneKitTest.app/SceneKitTest";
			};
			name = Debug;
		};
		04A6A3AF22C5E52900D511F6 /* Release */ = {
			isa = XCBuildConfiguration;
			buildSettings = {
				ALWAYS_EMBED_SWIFT_STANDARD_LIBRARIES = YES;
				BUNDLE_LOADER = "$(TEST_HOST)";
				CODE_SIGN_STYLE = Automatic;
				INFOPLIST_FILE = SceneKitTestTests/Info.plist;
				LD_RUNPATH_SEARCH_PATHS = (
					"$(inherited)",
					"@executable_path/Frameworks",
					"@loader_path/Frameworks",
				);
				PRODUCT_BUNDLE_IDENTIFIER = RY.SceneKitTestTests;
				PRODUCT_NAME = "$(TARGET_NAME)";
				SWIFT_VERSION = 5.0;
				TARGETED_DEVICE_FAMILY = "1,2";
				TEST_HOST = "$(BUILT_PRODUCTS_DIR)/SceneKitTest.app/SceneKitTest";
			};
			name = Release;
		};
		04A6A3B122C5E52900D511F6 /* Debug */ = {
			isa = XCBuildConfiguration;
			buildSettings = {
				ALWAYS_EMBED_SWIFT_STANDARD_LIBRARIES = YES;
				CODE_SIGN_STYLE = Automatic;
				INFOPLIST_FILE = SceneKitTestUITests/Info.plist;
				LD_RUNPATH_SEARCH_PATHS = (
					"$(inherited)",
					"@executable_path/Frameworks",
					"@loader_path/Frameworks",
				);
				PRODUCT_BUNDLE_IDENTIFIER = RY.SceneKitTestUITests;
				PRODUCT_NAME = "$(TARGET_NAME)";
				SWIFT_VERSION = 5.0;
				TARGETED_DEVICE_FAMILY = "1,2";
				TEST_TARGET_NAME = SceneKitTest;
			};
			name = Debug;
		};
		04A6A3B222C5E52900D511F6 /* Release */ = {
			isa = XCBuildConfiguration;
			buildSettings = {
				ALWAYS_EMBED_SWIFT_STANDARD_LIBRARIES = YES;
				CODE_SIGN_STYLE = Automatic;
				INFOPLIST_FILE = SceneKitTestUITests/Info.plist;
				LD_RUNPATH_SEARCH_PATHS = (
					"$(inherited)",
					"@executable_path/Frameworks",
					"@loader_path/Frameworks",
				);
				PRODUCT_BUNDLE_IDENTIFIER = RY.SceneKitTestUITests;
				PRODUCT_NAME = "$(TARGET_NAME)";
				SWIFT_VERSION = 5.0;
				TARGETED_DEVICE_FAMILY = "1,2";
				TEST_TARGET_NAME = SceneKitTest;
			};
			name = Release;
		};
/* End XCBuildConfiguration section */

/* Begin XCConfigurationList section */
		04A6A37B22C5E52700D511F6 /* Build configuration list for PBXProject "SceneKitTest" */ = {
			isa = XCConfigurationList;
			buildConfigurations = (
				04A6A3A822C5E52900D511F6 /* Debug */,
				04A6A3A922C5E52900D511F6 /* Release */,
			);
			defaultConfigurationIsVisible = 0;
			defaultConfigurationName = Release;
		};
		04A6A3AA22C5E52900D511F6 /* Build configuration list for PBXNativeTarget "SceneKitTest" */ = {
			isa = XCConfigurationList;
			buildConfigurations = (
				04A6A3AB22C5E52900D511F6 /* Debug */,
				04A6A3AC22C5E52900D511F6 /* Release */,
			);
			defaultConfigurationIsVisible = 0;
			defaultConfigurationName = Release;
		};
		04A6A3AD22C5E52900D511F6 /* Build configuration list for PBXNativeTarget "SceneKitTestTests" */ = {
			isa = XCConfigurationList;
			buildConfigurations = (
				04A6A3AE22C5E52900D511F6 /* Debug */,
				04A6A3AF22C5E52900D511F6 /* Release */,
			);
			defaultConfigurationIsVisible = 0;
			defaultConfigurationName = Release;
		};
		04A6A3B022C5E52900D511F6 /* Build configuration list for PBXNativeTarget "SceneKitTestUITests" */ = {
			isa = XCConfigurationList;
			buildConfigurations = (
				04A6A3B122C5E52900D511F6 /* Debug */,
				04A6A3B222C5E52900D511F6 /* Release */,
			);
			defaultConfigurationIsVisible = 0;
			defaultConfigurationName = Release;
		};
/* End XCConfigurationList section */
	};
	rootObject = 04A6A37822C5E52700D511F6 /* Project object */;
}
